
Microsoft Visual Studio Solution File, Format Version 12.00
# Visual Studio Version 17
VisualStudioVersion = 17.9.34728.123
MinimumVisualStudioVersion = 10.0.40219.1
Project("{9A19103F-16F7-4668-BE54-9A1E7A4F7556}") = "RotaryEncoder.Demo", "RotaryEncoder.Demo\RotaryEncoder.Demo.csproj", "{A35BA0BA-9533-40FD-9B83-C78B21531D1B}"
EndProject
Project("{9A19103F-16F7-4668-BE54-9A1E7A4F7556}") = "Lively.IPC", "Lively.IPC\Lively.IPC.csproj", "{2C82EB0E-C12B-4F37-8C26-EA55AA590D40}"
EndProject
Global
	GlobalSection(SolutionConfigurationPlatforms) = preSolution
		Debug|Any CPU = Debug|Any CPU
		Debug|x64 = Debug|x64
		Release|Any CPU = Release|Any CPU
		Release|x64 = Release|x64
	EndGlobalSection
	GlobalSection(ProjectConfigurationPlatforms) = postSolution
		{A35BA0BA-9533-40FD-9B83-C78B21531D1B}.Debug|Any CPU.ActiveCfg = Debug|x64
		{A35BA0BA-9533-40FD-9B83-C78B21531D1B}.Debug|Any CPU.Build.0 = Debug|x64
		{A35BA0BA-9533-40FD-9B83-C78B21531D1B}.Debug|x64.ActiveCfg = Debug|x64
		{A35BA0BA-9533-40FD-9B83-C78B21531D1B}.Debug|x64.Build.0 = Debug|x64
		{A35BA0BA-9533-40FD-9B83-C78B21531D1B}.Release|Any CPU.ActiveCfg = Release|Any CPU
		{A35BA0BA-9533-40FD-9B83-C78B21531D1B}.Release|Any CPU.Build.0 = Release|Any CPU
		{A35BA0BA-9533-40FD-9B83-C78B21531D1B}.Release|x64.ActiveCfg = Release|x64
		{A35BA0BA-9533-40FD-9B83-C78B21531D1B}.Release|x64.Build.0 = Release|x64
		{2C82EB0E-C12B-4F37-8C26-EA55AA590D40}.Debug|Any CPU.ActiveCfg = Debug|Any CPU
		{2C82EB0E-C12B-4F37-8C26-EA55AA590D40}.Debug|Any CPU.Build.0 = Debug|Any CPU
		{2C82EB0E-C12B-4F37-8C26-EA55AA590D40}.Debug|x64.ActiveCfg = Debug|Any CPU
		{2C82EB0E-C12B-4F37-8C26-EA55AA590D40}.Debug|x64.Build.0 = Debug|Any CPU
		{2C82EB0E-C12B-4F37-8C26-EA55AA590D40}.Release|Any CPU.ActiveCfg = Release|Any CPU
		{2C82EB0E-C12B-4F37-8C26-EA55AA590D40}.Release|Any CPU.Build.0 = Release|Any CPU
		{2C82EB0E-C12B-4F37-8C26-EA55AA590D40}.Release|x64.ActiveCfg = Release|Any CPU
		{2C82EB0E-C12B-4F37-8C26-EA55AA590D40}.Release|x64.Build.0 = Release|Any CPU
	EndGlobalSection
	GlobalSection(SolutionProperties) = preSolution
		HideSolutionNode = FALSE
	EndGlobalSection
	GlobalSection(ExtensibilityGlobals) = postSolution
		SolutionGuid = {3BE28F6A-295F-4535-A9C9-CEA31F7A9EA6}
	EndGlobalSection
EndGlobal
